
Microsoft Visual Studio Solution File, Format Version 12.00
Project("{FAE04EC0-301F-11D3-BF4B-00C04F79EFBC}") = "Training1", "Training1\Training1.csproj", "{DFD16D6B-F87C-4DFA-89F2-7536A26197EE}"
EndProject
Global
	GlobalSection(SolutionConfigurationPlatforms) = preSolution
		Debug|Any CPU = Debug|Any CPU
		Release|Any CPU = Release|Any CPU
	EndGlobalSection
	GlobalSection(ProjectConfigurationPlatforms) = postSolution
		{DFD16D6B-F87C-4DFA-89F2-7536A26197EE}.Debug|Any CPU.ActiveCfg = Debug|Any CPU
		{DFD16D6B-F87C-4DFA-89F2-7536A26197EE}.Debug|Any CPU.Build.0 = Debug|Any CPU
		{DFD16D6B-F87C-4DFA-89F2-7536A26197EE}.Release|Any CPU.ActiveCfg = Release|Any CPU
		{DFD16D6B-F87C-4DFA-89F2-7536A26197EE}.Release|Any CPU.Build.0 = Release|Any CPU
	EndGlobalSection
EndGlobal
